
Microsoft Visual Studio Solution File, Format Version 12.00
# Visual Studio Version 16
VisualStudioVersion = 16.0.29926.136
MinimumVisualStudioVersion = 10.0.40219.1
Project("{FAE04EC0-301F-11D3-BF4B-00C04F79EFBC}") = "sign_massive", "sign_massive\sign_massive.csproj", "{12E9724E-FC06-4133-92E3-0E9DF6C948D6}"
EndProject
Global
	GlobalSection(SolutionConfigurationPlatforms) = preSolution
		Debug|Any CPU = Debug|Any CPU
		Release|Any CPU = Release|Any CPU
	EndGlobalSection
	GlobalSection(ProjectConfigurationPlatforms) = postSolution
		{12E9724E-FC06-4133-92E3-0E9DF6C948D6}.Debug|Any CPU.ActiveCfg = Debug|Any CPU
		{12E9724E-FC06-4133-92E3-0E9DF6C948D6}.Debug|Any CPU.Build.0 = Debug|Any CPU
		{12E9724E-FC06-4133-92E3-0E9DF6C948D6}.Release|Any CPU.ActiveCfg = Release|Any CPU
		{12E9724E-FC06-4133-92E3-0E9DF6C948D6}.Release|Any CPU.Build.0 = Release|Any CPU
	EndGlobalSection
	GlobalSection(SolutionProperties) = preSolution
		HideSolutionNode = FALSE
	EndGlobalSection
	GlobalSection(ExtensibilityGlobals) = postSolution
		SolutionGuid = {3F939164-DBD6-4770-A87F-8EEF91B62854}
	EndGlobalSection
EndGlobal
